
Microsoft Visual Studio Solution File, Format Version 12.00
# Visual Studio 15
VisualStudioVersion = 15.0.28307.779
MinimumVisualStudioVersion = 10.0.40219.1
Project("{FAE04EC0-301F-11D3-BF4B-00C04F79EFBC}") = "练习1", "练习1\练习1.csproj", "{40D1246F-8783-4802-9772-363BFD003103}"
EndProject
Project("{FAE04EC0-301F-11D3-BF4B-00C04F79EFBC}") = "练习2", "练习2\练习2.csproj", "{98228299-A19F-4E71-AE54-BDAE78A02788}"
EndProject
Project("{FAE04EC0-301F-11D3-BF4B-00C04F79EFBC}") = "练习3", "练习3\练习3.csproj", "{ED0E5D16-2B7D-4F7D-A697-1D8B9D75F2E6}"
EndProject
Project("{FAE04EC0-301F-11D3-BF4B-00C04F79EFBC}") = "练习3（使用IndexOf方法）", "练习3（使用IndexOf方法）\练习3（使用IndexOf方法）.csproj", "{E48563E5-50E4-4FBC-9F27-7A4987F596E4}"
EndProject
Project("{FAE04EC0-301F-11D3-BF4B-00C04F79EFBC}") = "练习4", "练习4\练习4.csproj", "{3F8FE71F-7E8F-403B-9F90-219FFE173040}"
EndProject
Project("{FAE04EC0-301F-11D3-BF4B-00C04F79EFBC}") = "练习5", "练习5\练习5.csproj", "{0AE0CE36-0A1A-4656-866E-4827BC0E7D78}"
EndProject
Project("{FAE04EC0-301F-11D3-BF4B-00C04F79EFBC}") = "练习5（测试中文词语）", "练习5（测试中文词语）\练习5（测试中文词语）.csproj", "{2EF08693-1C69-4123-B2FF-419883F4C185}"
EndProject
Project("{FAE04EC0-301F-11D3-BF4B-00C04F79EFBC}") = "练习6", "练习6\练习6.csproj", "{CC2EEBE1-FD98-4603-9B35-23E0359C0BF4}"
EndProject
Project("{FAE04EC0-301F-11D3-BF4B-00C04F79EFBC}") = "练习7", "练习7\练习7.csproj", "{64851E37-7E3B-40C3-8DAE-5A777B6B464B}"
EndProject
Global
	GlobalSection(SolutionConfigurationPlatforms) = preSolution
		Debug|Any CPU = Debug|Any CPU
		Release|Any CPU = Release|Any CPU
	EndGlobalSection
	GlobalSection(ProjectConfigurationPlatforms) = postSolution
		{40D1246F-8783-4802-9772-363BFD003103}.Debug|Any CPU.ActiveCfg = Debug|Any CPU
		{40D1246F-8783-4802-9772-363BFD003103}.Debug|Any CPU.Build.0 = Debug|Any CPU
		{40D1246F-8783-4802-9772-363BFD003103}.Release|Any CPU.ActiveCfg = Release|Any CPU
		{40D1246F-8783-4802-9772-363BFD003103}.Release|Any CPU.Build.0 = Release|Any CPU
		{98228299-A19F-4E71-AE54-BDAE78A02788}.Debug|Any CPU.ActiveCfg = Debug|Any CPU
		{98228299-A19F-4E71-AE54-BDAE78A02788}.Debug|Any CPU.Build.0 = Debug|Any CPU
		{98228299-A19F-4E71-AE54-BDAE78A02788}.Release|Any CPU.ActiveCfg = Release|Any CPU
		{98228299-A19F-4E71-AE54-BDAE78A02788}.Release|Any CPU.Build.0 = Release|Any CPU
		{ED0E5D16-2B7D-4F7D-A697-1D8B9D75F2E6}.Debug|Any CPU.ActiveCfg = Debug|Any CPU
		{ED0E5D16-2B7D-4F7D-A697-1D8B9D75F2E6}.Debug|Any CPU.Build.0 = Debug|Any CPU
		{ED0E5D16-2B7D-4F7D-A697-1D8B9D75F2E6}.Release|Any CPU.ActiveCfg = Release|Any CPU
		{ED0E5D16-2B7D-4F7D-A697-1D8B9D75F2E6}.Release|Any CPU.Build.0 = Release|Any CPU
		{E48563E5-50E4-4FBC-9F27-7A4987F596E4}.Debug|Any CPU.ActiveCfg = Debug|Any CPU
		{E48563E5-50E4-4FBC-9F27-7A4987F596E4}.Debug|Any CPU.Build.0 = Debug|Any CPU
		{E48563E5-50E4-4FBC-9F27-7A4987F596E4}.Release|Any CPU.ActiveCfg = Release|Any CPU
		{E48563E5-50E4-4FBC-9F27-7A4987F596E4}.Release|Any CPU.Build.0 = Release|Any CPU
		{3F8FE71F-7E8F-403B-9F90-219FFE173040}.Debug|Any CPU.ActiveCfg = Debug|Any CPU
		{3F8FE71F-7E8F-403B-9F90-219FFE173040}.Debug|Any CPU.Build.0 = Debug|Any CPU
		{3F8FE71F-7E8F-403B-9F90-219FFE173040}.Release|Any CPU.ActiveCfg = Release|Any CPU
		{3F8FE71F-7E8F-403B-9F90-219FFE173040}.Release|Any CPU.Build.0 = Release|Any CPU
		{0AE0CE36-0A1A-4656-866E-4827BC0E7D78}.Debug|Any CPU.ActiveCfg = Debug|Any CPU
		{0AE0CE36-0A1A-4656-866E-4827BC0E7D78}.Debug|Any CPU.Build.0 = Debug|Any CPU
		{0AE0CE36-0A1A-4656-866E-4827BC0E7D78}.Release|Any CPU.ActiveCfg = Release|Any CPU
		{0AE0CE36-0A1A-4656-866E-4827BC0E7D78}.Release|Any CPU.Build.0 = Release|Any CPU
		{2EF08693-1C69-4123-B2FF-419883F4C185}.Debug|Any CPU.ActiveCfg = Debug|Any CPU
		{2EF08693-1C69-4123-B2FF-419883F4C185}.Debug|Any CPU.Build.0 = Debug|Any CPU
		{2EF08693-1C69-4123-B2FF-419883F4C185}.Release|Any CPU.ActiveCfg = Release|Any CPU
		{2EF08693-1C69-4123-B2FF-419883F4C185}.Release|Any CPU.Build.0 = Release|Any CPU
		{CC2EEBE1-FD98-4603-9B35-23E0359C0BF4}.Debug|Any CPU.ActiveCfg = Debug|Any CPU
		{CC2EEBE1-FD98-4603-9B35-23E0359C0BF4}.Debug|Any CPU.Build.0 = Debug|Any CPU
		{CC2EEBE1-FD98-4603-9B35-23E0359C0BF4}.Release|Any CPU.ActiveCfg = Release|Any CPU
		{CC2EEBE1-FD98-4603-9B35-23E0359C0BF4}.Release|Any CPU.Build.0 = Release|Any CPU
		{64851E37-7E3B-40C3-8DAE-5A777B6B464B}.Debug|Any CPU.ActiveCfg = Debug|Any CPU
		{64851E37-7E3B-40C3-8DAE-5A777B6B464B}.Debug|Any CPU.Build.0 = Debug|Any CPU
		{64851E37-7E3B-40C3-8DAE-5A777B6B464B}.Release|Any CPU.ActiveCfg = Release|Any CPU
		{64851E37-7E3B-40C3-8DAE-5A777B6B464B}.Release|Any CPU.Build.0 = Release|Any CPU
	EndGlobalSection
	GlobalSection(SolutionProperties) = preSolution
		HideSolutionNode = FALSE
	EndGlobalSection
	GlobalSection(ExtensibilityGlobals) = postSolution
		SolutionGuid = {ACE698FA-7BE0-4C25-8BF4-3FD23AD94F30}
	EndGlobalSection
EndGlobal
